Microsoft Visual Studio Solution File, Format Version 11.00
# Visual Studio 2008

Project("{5DE7F7DB-9E66-45D3-5A33-32C8BC71E92D}") = "CLUEDO 3D", "Assembly-CSharp-firstpass.csproj", "{4721B526-FFD0-0B44-7C35-F11393226583}"
EndProject
Project("{5DE7F7DB-9E66-45D3-5A33-32C8BC71E92D}") = "CLUEDO 3D", "Assembly-CSharp.csproj", "{0AB3A011-F326-CB6F-7140-6505B9E57682}"
EndProject
Project("{5DE7F7DB-9E66-45D3-5A33-32C8BC71E92D}") = "CLUEDO 3D", "Assembly-CSharp-Editor.csproj", "{83BBB046-7E88-3597-8C14-A7FAA00DAE53}"
EndProject
Project("{5DE7F7DB-9E66-45D3-5A33-32C8BC71E92D}") = "CLUEDO 3D", "Assembly-UnityScript-firstpass.unityproj", "{C23900F0-57C1-BF1A-9646-54208351CAE4}"
EndProject
Project("{5DE7F7DB-9E66-45D3-5A33-32C8BC71E92D}") = "CLUEDO 3D", "Assembly-UnityScript.unityproj", "{B9C196E8-5EB0-3237-D1F4-B6212B95246F}"
EndProject
Global
	GlobalSection(SolutionConfigurationPlatforms) = preSolution
		Debug|Any CPU = Debug|Any CPU
		Release|Any CPU = Release|Any CPU
	EndGlobalSection
	GlobalSection(ProjectConfigurationPlatforms) = postSolution
		{4721B526-FFD0-0B44-7C35-F11393226583}.Debug|Any CPU.ActiveCfg = Debug|Any CPU
		{4721B526-FFD0-0B44-7C35-F11393226583}.Debug|Any CPU.Build.0 = Debug|Any CPU
		{4721B526-FFD0-0B44-7C35-F11393226583}.Release|Any CPU.ActiveCfg = Release|Any CPU
		{4721B526-FFD0-0B44-7C35-F11393226583}.Release|Any CPU.Build.0 = Release|Any CPU
		{0AB3A011-F326-CB6F-7140-6505B9E57682}.Debug|Any CPU.ActiveCfg = Debug|Any CPU
		{0AB3A011-F326-CB6F-7140-6505B9E57682}.Debug|Any CPU.Build.0 = Debug|Any CPU
		{0AB3A011-F326-CB6F-7140-6505B9E57682}.Release|Any CPU.ActiveCfg = Release|Any CPU
		{0AB3A011-F326-CB6F-7140-6505B9E57682}.Release|Any CPU.Build.0 = Release|Any CPU
		{83BBB046-7E88-3597-8C14-A7FAA00DAE53}.Debug|Any CPU.ActiveCfg = Debug|Any CPU
		{83BBB046-7E88-3597-8C14-A7FAA00DAE53}.Debug|Any CPU.Build.0 = Debug|Any CPU
		{83BBB046-7E88-3597-8C14-A7FAA00DAE53}.Release|Any CPU.ActiveCfg = Release|Any CPU
		{83BBB046-7E88-3597-8C14-A7FAA00DAE53}.Release|Any CPU.Build.0 = Release|Any CPU
		{C23900F0-57C1-BF1A-9646-54208351CAE4}.Debug|Any CPU.ActiveCfg = Debug|Any CPU
		{C23900F0-57C1-BF1A-9646-54208351CAE4}.Debug|Any CPU.Build.0 = Debug|Any CPU
		{C23900F0-57C1-BF1A-9646-54208351CAE4}.Release|Any CPU.ActiveCfg = Release|Any CPU
		{C23900F0-57C1-BF1A-9646-54208351CAE4}.Release|Any CPU.Build.0 = Release|Any CPU
		{B9C196E8-5EB0-3237-D1F4-B6212B95246F}.Debug|Any CPU.ActiveCfg = Debug|Any CPU
		{B9C196E8-5EB0-3237-D1F4-B6212B95246F}.Debug|Any CPU.Build.0 = Debug|Any CPU
		{B9C196E8-5EB0-3237-D1F4-B6212B95246F}.Release|Any CPU.ActiveCfg = Release|Any CPU
		{B9C196E8-5EB0-3237-D1F4-B6212B95246F}.Release|Any CPU.Build.0 = Release|Any CPU
	EndGlobalSection
	GlobalSection(SolutionProperties) = preSolution
		HideSolutionNode = FALSE
	EndGlobalSection
																											GlobalSection(MonoDevelopProperties) = preSolution
		StartupItem = Assembly-CSharp.csproj
		Policies = $0
		$0.TextStylePolicy = $1
		$1.inheritsSet = null
		$1.scope = text/x-csharp
		$0.CSharpFormattingPolicy = $2
		$2.inheritsSet = Mono
		$2.inheritsScope = text/x-csharp
		$2.scope = text/x-csharp
		$0.TextStylePolicy = $3
		$3.FileWidth = 120
		$3.TabWidth = 4
		$3.EolMarker = Unix
		$3.inheritsSet = Mono
		$3.inheritsScope = text/plain
		$3.scope = text/plain
	EndGlobalSection

EndGlobal
